// !$*UTF8*$!
{
	archiveVersion = 1;
	classes = {
	};
	objectVersion = 39;
	objects = {
		A05BA04A0E3276A40068D206 = {
			children = (
				A05BA0D80E327B220068D206,
				A05BA0CE0E327B220068D206,
				A05BA0E20E327B220068D206,
				A05BA0580E3276B30068D206,
			);
			isa = PBXGroup;
			refType = 4;
			sourceTree = "<group>";
		};
		A05BA04C0E3276A40068D206 = {
			buildSettings = {
				COPY_PHASE_STRIP = NO;
				GCC_MODEL_TUNING = G5;
				GCC_OPTIMIZATION_LEVEL = 2;
				GCC_WARN_CHECK_SWITCH_STATEMENTS = YES;
				GCC_WARN_MISSING_PARENTHESES = YES;
				GCC_WARN_SHADOW = YES;
				GCC_WARN_SIGN_COMPARE = YES;
				GCC_WARN_TYPECHECK_CALLS_TO_PRINTF = YES;
				GCC_WARN_UNINITIALIZED_AUTOS = YES;
				GCC_WARN_UNUSED_VARIABLE = YES;
			};
			isa = PBXBuildStyle;
			name = Development;
		};
		A05BA04D0E3276A40068D206 = {
			buildSettings = {
				COPY_PHASE_STRIP = YES;
			};
			isa = PBXBuildStyle;
			name = Deployment;
		};
		A05BA04E0E3276A40068D206 = {
			buildSettings = {
			};
			buildStyles = (
				A05BA04C0E3276A40068D206,
				A05BA04D0E3276A40068D206,
			);
			hasScannedForEncodings = 0;
			isa = PBXProject;
			mainGroup = A05BA04A0E3276A40068D206;
			productRefGroup = A05BA0580E3276B30068D206;
			projectDirPath = "";
			targets = (
				A05BA0560E3276B30068D206,
				A05BA0B80E327A9D0068D206,
			);
		};
		A05BA0520E3276B30068D206 = {
			buildActionMask = 2147483647;
			files = (
				A05BA0EB0E327B220068D206,
				A05BA0EC0E327B220068D206,
				A05BA0ED0E327B220068D206,
				A05BA0EE0E327B220068D206,
				A05BA0EF0E327B220068D206,
				A05BA0F00E327B220068D206,
				A05BA0F10E327B220068D206,
				A05BA0F20E327B220068D206,
			);
			isa = PBXHeadersBuildPhase;
			runOnlyForDeploymentPostprocessing = 0;
		};
		A05BA0530E3276B30068D206 = {
			buildActionMask = 2147483647;
			files = (
				A05BA0F30E327B220068D206,
			);
			isa = PBXResourcesBuildPhase;
			runOnlyForDeploymentPostprocessing = 0;
		};
		A05BA0540E3276B30068D206 = {
			buildActionMask = 2147483647;
			files = (
				A05BA0E40E327B220068D206,
				A05BA0E50E327B220068D206,
				A05BA0E60E327B220068D206,
				A05BA0E70E327B220068D206,
				A05BA0E80E327B220068D206,
				A05BA0E90E327B220068D206,
			);
			isa = PBXSourcesBuildPhase;
			runOnlyForDeploymentPostprocessing = 0;
		};
		A05BA0550E3276B30068D206 = {
			buildActionMask = 2147483647;
			files = (
			);
			isa = PBXFrameworksBuildPhase;
			runOnlyForDeploymentPostprocessing = 0;
		};
		A05BA0560E3276B30068D206 = {
			buildPhases = (
				A05BA0520E3276B30068D206,
				A05BA0530E3276B30068D206,
				A05BA0540E3276B30068D206,
				A05BA0550E3276B30068D206,
			);
			buildRules = (
			);
			buildSettings = {
				DYLIB_COMPATIBILITY_VERSION = 1;
				DYLIB_CURRENT_VERSION = 1;
				FRAMEWORK_VERSION = A;
				GCC_OPTIMIZATION_LEVEL = 2;
				HEADER_SEARCH_PATHS = "${SRCROOT}/Headers ${SRCROOT}/Sources";
				INFOPLIST_FILE = "Resources/GRL-Info.plist";
				INSTALL_PATH = "$(LOCAL_LIBRARY_DIR)/Frameworks";
				OPTIMIZATION_CFLAGS = "";
				OTHER_CFLAGS = "";
				OTHER_LDFLAGS = "-lobjc";
				OTHER_REZFLAGS = "";
				PRODUCT_NAME = GRL;
				SECTORDER_FLAGS = "";
				WARNING_CFLAGS = "-Wmost -Wno-four-char-constants -Wno-unknown-pragmas";
			};
			dependencies = (
			);
			isa = PBXNativeTarget;
			name = GRL;
			productName = GRL;
			productReference = A05BA0570E3276B30068D206;
			productSettingsXML = "<?xml version=\"1.0\" encoding=\"UTF-8\"?>
<!DOCTYPE plist PUBLIC \"-//Apple Computer//DTD PLIST 1.0//EN\" \"http://www.apple.com/DTDs/PropertyList-1.0.dtd\">
<plist version=\"1.0\">
<dict>
	<key>CFBundleDevelopmentRegion</key>
	<string>English</string>
	<key>CFBundleExecutable</key>
	<string>GRL</string>
	<key>CFBundleIdentifier</key>
	<string>com.yourcompany.GRL</string>
	<key>CFBundleInfoDictionaryVersion</key>
	<string>6.0</string>
	<key>CFBundlePackageType</key>
	<string>FMWK</string>
	<key>CFBundleSignature</key>
	<string>????</string>
	<key>CFBundleVersion</key>
	<string>1.0</string>
</dict>
</plist>
";
			productType = "com.apple.product-type.framework";
		};
		A05BA0570E3276B30068D206 = {
			explicitFileType = wrapper.framework;
			includeInIndex = 0;
			isa = PBXFileReference;
			path = GRL.framework;
			refType = 3;
			sourceTree = BUILT_PRODUCTS_DIR;
		};
		A05BA0580E3276B30068D206 = {
			children = (
				A05BA0570E3276B30068D206,
				A05BA0B90E327A9D0068D206,
			);
			isa = PBXGroup;
			name = Products;
			refType = 4;
			sourceTree = "<group>";
		};
		A05BA0B60E327A9D0068D206 = {
			buildActionMask = 2147483647;
			files = (
				A05BA0F40E327B390068D206,
			);
			isa = PBXSourcesBuildPhase;
			runOnlyForDeploymentPostprocessing = 0;
		};
		A05BA0B70E327A9D0068D206 = {
			buildActionMask = 2147483647;
			files = (
				A05BA0F50E327B480068D206,
			);
			isa = PBXFrameworksBuildPhase;
			runOnlyForDeploymentPostprocessing = 0;
		};
		A05BA0B80E327A9D0068D206 = {
			buildPhases = (
				A05BA0B60E327A9D0068D206,
				A05BA0B70E327A9D0068D206,
			);
			buildRules = (
			);
			buildSettings = {
				INSTALL_PATH = /usr/local/bin;
				OPTIMIZATION_CFLAGS = "";
				OTHER_CFLAGS = "";
				OTHER_LDFLAGS = "-lobjc";
				OTHER_REZFLAGS = "";
				PRODUCT_NAME = test;
				SECTORDER_FLAGS = "";
				WARNING_CFLAGS = "-Wmost -Wno-four-char-constants -Wno-unknown-pragmas";
			};
			dependencies = (
				A05BA0BC0E327AA50068D206,
			);
			isa = PBXNativeTarget;
			name = test;
			productName = test;
			productReference = A05BA0B90E327A9D0068D206;
			productType = "com.apple.product-type.tool";
		};
		A05BA0B90E327A9D0068D206 = {
			explicitFileType = "compiled.mach-o.executable";
			includeInIndex = 0;
			isa = PBXFileReference;
			path = test;
			refType = 3;
			sourceTree = BUILT_PRODUCTS_DIR;
		};
		A05BA0BB0E327AA50068D206 = {
			containerPortal = A05BA04E0E3276A40068D206;
			isa = PBXContainerItemProxy;
			proxyType = 1;
			remoteGlobalIDString = A05BA0560E3276B30068D206;
			remoteInfo = GRL;
		};
		A05BA0BC0E327AA50068D206 = {
			isa = PBXTargetDependency;
			target = A05BA0560E3276B30068D206;
			targetProxy = A05BA0BB0E327AA50068D206;
		};
		A05BA0CE0E327B220068D206 = {
			children = (
				A05BA0CF0E327B220068D206,
				A05BA0D60E327B220068D206,
			);
			isa = PBXGroup;
			path = Sources;
			refType = 2;
			sourceTree = SOURCE_ROOT;
		};
		A05BA0CF0E327B220068D206 = {
			children = (
				A05BA0D00E327B220068D206,
				A05BA0D10E327B220068D206,
				A05BA0D20E327B220068D206,
				A05BA0D30E327B220068D206,
				A05BA0D40E327B220068D206,
				A05BA0D50E327B220068D206,
			);
			isa = PBXGroup;
			name = GRL;
			path = Sources/GRL;
			refType = 2;
			sourceTree = SOURCE_ROOT;
		};
		A05BA0D00E327B220068D206 = {
			fileEncoding = 30;
			isa = PBXFileReference;
			lastKnownFileType = sourcecode.c.objc;
			name = Array.m;
			path = Sources/GRL/Array.m;
			refType = 2;
			sourceTree = SOURCE_ROOT;
		};
		A05BA0D10E327B220068D206 = {
			fileEncoding = 30;
			isa = PBXFileReference;
			lastKnownFileType = sourcecode.c.objc;
			name = Functions.m;
			path = Sources/GRL/Functions.m;
			refType = 2;
			sourceTree = SOURCE_ROOT;
		};
		A05BA0D20E327B220068D206 = {
			fileEncoding = 30;
			isa = PBXFileReference;
			lastKnownFileType = sourcecode.c.objc;
			name = Object.m;
			path = Sources/GRL/Object.m;
			refType = 2;
			sourceTree = SOURCE_ROOT;
		};
		A05BA0D30E327B220068D206 = {
			fileEncoding = 30;
			isa = PBXFileReference;
			lastKnownFileType = sourcecode.c.objc;
			name = Pool.m;
			path = Sources/GRL/Pool.m;
			refType = 2;
			sourceTree = SOURCE_ROOT;
		};
		A05BA0D40E327B220068D206 = {
			fileEncoding = 30;
			isa = PBXFileReference;
			lastKnownFileType = sourcecode.cpp.objcpp;
			name = String.mm;
			path = Sources/GRL/String.mm;
			refType = 2;
			sourceTree = SOURCE_ROOT;
		};
		A05BA0D50E327B220068D206 = {
			fileEncoding = 30;
			isa = PBXFileReference;
			lastKnownFileType = sourcecode.c.objc;
			name = Value.m;
			path = Sources/GRL/Value.m;
			refType = 2;
			sourceTree = SOURCE_ROOT;
		};
		A05BA0D60E327B220068D206 = {
			children = (
				A05BA0D70E327B220068D206,
			);
			isa = PBXGroup;
			name = test;
			path = Sources/test;
			refType = 2;
			sourceTree = SOURCE_ROOT;
		};
		A05BA0D70E327B220068D206 = {
			fileEncoding = 30;
			isa = PBXFileReference;
			lastKnownFileType = sourcecode.c.objc;
			name = main.m;
			path = Sources/test/main.m;
			refType = 2;
			sourceTree = SOURCE_ROOT;
		};
		A05BA0D80E327B220068D206 = {
			children = (
				A05BA0D90E327B220068D206,
			);
			isa = PBXGroup;
			path = Headers;
			refType = 2;
			sourceTree = SOURCE_ROOT;
		};
		A05BA0D90E327B220068D206 = {
			children = (
				A05BA0DA0E327B220068D206,
				A05BA0DB0E327B220068D206,
				A05BA0DC0E327B220068D206,
				A05BA0DD0E327B220068D206,
				A05BA0DE0E327B220068D206,
				A05BA0DF0E327B220068D206,
				A05BA0E00E327B220068D206,
				A05BA0E10E327B220068D206,
			);
			isa = PBXGroup;
			name = GRL;
			path = Headers/GRL;
			refType = 2;
			sourceTree = SOURCE_ROOT;
		};
		A05BA0DA0E327B220068D206 = {
			fileEncoding = 30;
			isa = PBXFileReference;
			lastKnownFileType = sourcecode.c.h;
			name = Array.h;
			path = Headers/GRL/Array.h;
			refType = 2;
			sourceTree = SOURCE_ROOT;
		};
		A05BA0DB0E327B220068D206 = {
			fileEncoding = 30;
			isa = PBXFileReference;
			lastKnownFileType = sourcecode.c.h;
			name = Config.h;
			path = Headers/GRL/Config.h;
			refType = 2;
			sourceTree = SOURCE_ROOT;
		};
		A05BA0DC0E327B220068D206 = {
			fileEncoding = 30;
			isa = PBXFileReference;
			lastKnownFileType = sourcecode.c.h;
			name = Functions.h;
			path = Headers/GRL/Functions.h;
			refType = 2;
			sourceTree = SOURCE_ROOT;
		};
		A05BA0DD0E327B220068D206 = {
			fileEncoding = 30;
			isa = PBXFileReference;
			lastKnownFileType = sourcecode.c.h;
			name = GRL.h;
			path = Headers/GRL/GRL.h;
			refType = 2;
			sourceTree = SOURCE_ROOT;
		};
		A05BA0DE0E327B220068D206 = {
			fileEncoding = 30;
			isa = PBXFileReference;
			lastKnownFileType = sourcecode.c.h;
			name = Object.h;
			path = Headers/GRL/Object.h;
			refType = 2;
			sourceTree = SOURCE_ROOT;
		};
		A05BA0DF0E327B220068D206 = {
			fileEncoding = 30;
			isa = PBXFileReference;
			lastKnownFileType = sourcecode.c.h;
			name = Pool.h;
			path = Headers/GRL/Pool.h;
			refType = 2;
			sourceTree = SOURCE_ROOT;
		};
		A05BA0E00E327B220068D206 = {
			fileEncoding = 30;
			isa = PBXFileReference;
			lastKnownFileType = sourcecode.c.h;
			name = String.h;
			path = Headers/GRL/String.h;
			refType = 2;
			sourceTree = SOURCE_ROOT;
		};
		A05BA0E10E327B220068D206 = {
			fileEncoding = 30;
			isa = PBXFileReference;
			lastKnownFileType = sourcecode.c.h;
			name = Value.h;
			path = Headers/GRL/Value.h;
			refType = 2;
			sourceTree = SOURCE_ROOT;
		};
		A05BA0E20E327B220068D206 = {
			children = (
				A05BA0E30E327B220068D206,
			);
			isa = PBXGroup;
			path = Resources;
			refType = 2;
			sourceTree = SOURCE_ROOT;
		};
		A05BA0E30E327B220068D206 = {
			fileEncoding = 30;
			isa = PBXFileReference;
			lastKnownFileType = text.xml;
			name = "GRL-Info.plist";
			path = "Resources/GRL-Info.plist";
			refType = 2;
			sourceTree = SOURCE_ROOT;
		};
		A05BA0E40E327B220068D206 = {
			fileRef = A05BA0D00E327B220068D206;
			isa = PBXBuildFile;
			settings = {
			};
		};
		A05BA0E50E327B220068D206 = {
			fileRef = A05BA0D10E327B220068D206;
			isa = PBXBuildFile;
			settings = {
			};
		};
		A05BA0E60E327B220068D206 = {
			fileRef = A05BA0D20E327B220068D206;
			isa = PBXBuildFile;
			settings = {
			};
		};
		A05BA0E70E327B220068D206 = {
			fileRef = A05BA0D30E327B220068D206;
			isa = PBXBuildFile;
			settings = {
			};
		};
		A05BA0E80E327B220068D206 = {
			fileRef = A05BA0D40E327B220068D206;
			isa = PBXBuildFile;
			settings = {
			};
		};
		A05BA0E90E327B220068D206 = {
			fileRef = A05BA0D50E327B220068D206;
			isa = PBXBuildFile;
			settings = {
			};
		};
		A05BA0EB0E327B220068D206 = {
			fileRef = A05BA0DA0E327B220068D206;
			isa = PBXBuildFile;
			settings = {
			};
		};
		A05BA0EC0E327B220068D206 = {
			fileRef = A05BA0DB0E327B220068D206;
			isa = PBXBuildFile;
			settings = {
			};
		};
		A05BA0ED0E327B220068D206 = {
			fileRef = A05BA0DC0E327B220068D206;
			isa = PBXBuildFile;
			settings = {
			};
		};
		A05BA0EE0E327B220068D206 = {
			fileRef = A05BA0DD0E327B220068D206;
			isa = PBXBuildFile;
			settings = {
			};
		};
		A05BA0EF0E327B220068D206 = {
			fileRef = A05BA0DE0E327B220068D206;
			isa = PBXBuildFile;
			settings = {
			};
		};
		A05BA0F00E327B220068D206 = {
			fileRef = A05BA0DF0E327B220068D206;
			isa = PBXBuildFile;
			settings = {
			};
		};
		A05BA0F10E327B220068D206 = {
			fileRef = A05BA0E00E327B220068D206;
			isa = PBXBuildFile;
			settings = {
			};
		};
		A05BA0F20E327B220068D206 = {
			fileRef = A05BA0E10E327B220068D206;
			isa = PBXBuildFile;
			settings = {
			};
		};
		A05BA0F30E327B220068D206 = {
			fileRef = A05BA0E30E327B220068D206;
			isa = PBXBuildFile;
			settings = {
			};
		};
		A05BA0F40E327B390068D206 = {
			fileRef = A05BA0D70E327B220068D206;
			isa = PBXBuildFile;
			settings = {
			};
		};
		A05BA0F50E327B480068D206 = {
			fileRef = A05BA0570E3276B30068D206;
			isa = PBXBuildFile;
			settings = {
			};
		};
	};
	rootObject = A05BA04E0E3276A40068D206;
}
